
Microsoft Visual Studio Solution File, Format Version 12.00
# Visual Studio 15
VisualStudioVersion = 15.0.28307.572
MinimumVisualStudioVersion = 10.0.40219.1
Project("{FAE04EC0-301F-11D3-BF4B-00C04F79EFBC}") = "test0621_githubPractice", "test0621_githubPractice\test0621_githubPractice.csproj", "{9DFDDB0F-0703-41BD-82C3-80524C3B35B3}"
EndProject
Global
	GlobalSection(SolutionConfigurationPlatforms) = preSolution
		Debug|Any CPU = Debug|Any CPU
		Release|Any CPU = Release|Any CPU
	EndGlobalSection
	GlobalSection(ProjectConfigurationPlatforms) = postSolution
		{9DFDDB0F-0703-41BD-82C3-80524C3B35B3}.Debug|Any CPU.ActiveCfg = Debug|Any CPU
		{9DFDDB0F-0703-41BD-82C3-80524C3B35B3}.Debug|Any CPU.Build.0 = Debug|Any CPU
		{9DFDDB0F-0703-41BD-82C3-80524C3B35B3}.Release|Any CPU.ActiveCfg = Release|Any CPU
		{9DFDDB0F-0703-41BD-82C3-80524C3B35B3}.Release|Any CPU.Build.0 = Release|Any CPU
	EndGlobalSection
	GlobalSection(SolutionProperties) = preSolution
		HideSolutionNode = FALSE
	EndGlobalSection
	GlobalSection(ExtensibilityGlobals) = postSolution
		SolutionGuid = {8AF1BB71-C630-41C6-8EFD-A6F0DD274E03}
	EndGlobalSection
EndGlobal
